// !$*UTF8*$!
{
	archiveVersion = 1;
	classes = {
	};
	objectVersion = 56;
	objects = {

/* Begin PBXBuildFile section */
		839CB7ED2AB9DB2B0016A777 /* OyunPazar_VeSliderVeAnimasyonApp.swift in Sources */ = {isa = PBXBuildFile; fileRef = 839CB7EC2AB9DB2B0016A777 /* OyunPazar_VeSliderVeAnimasyonApp.swift */; };
		839CB7EF2AB9DB2B0016A777 /* Home.swift in Sources */ = {isa = PBXBuildFile; fileRef = 839CB7EE2AB9DB2B0016A777 /* Home.swift */; };
		839CB7F12AB9DB2C0016A777 /* Assets.xcassets in Resources */ = {isa = PBXBuildFile; fileRef = 839CB7F02AB9DB2C0016A777 /* Assets.xcassets */; };
		839CB7F42AB9DB2C0016A777 /* Preview Assets.xcassets in Resources */ = {isa = PBXBuildFile; fileRef = 839CB7F32AB9DB2C0016A777 /* Preview Assets.xcassets */; };
		839CB7FB2AB9DCF50016A777 /* OyunModel.swift in Sources */ = {isa = PBXBuildFile; fileRef = 839CB7FA2AB9DCF50016A777 /* OyunModel.swift */; };
		839CB7FD2AB9EA960016A777 /* GridView.swift in Sources */ = {isa = PBXBuildFile; fileRef = 839CB7FC2AB9EA960016A777 /* GridView.swift */; };
/* End PBXBuildFile section */

/* Begin PBXFileReference section */
		839CB7E92AB9DB2B0016A777 /* OyunPazarıVeSliderVeAnimasyon.app */ = {isa = PBXFileReference; explicitFileType = wrapper.application; includeInIndex = 0; path = "OyunPazarıVeSliderVeAnimasyon.app"; sourceTree = BUILT_PRODUCTS_DIR; };
		839CB7EC2AB9DB2B0016A777 /* OyunPazar_VeSliderVeAnimasyonApp.swift */ = {isa = PBXFileReference; lastKnownFileType = sourcecode.swift; path = OyunPazar_VeSliderVeAnimasyonApp.swift; sourceTree = "<group>"; };
		839CB7EE2AB9DB2B0016A777 /* Home.swift */ = {isa = PBXFileReference; lastKnownFileType = sourcecode.swift; path = Home.swift; sourceTree = "<group>"; };
		839CB7F02AB9DB2C0016A777 /* Assets.xcassets */ = {isa = PBXFileReference; lastKnownFileType = folder.assetcatalog; path = Assets.xcassets; sourceTree = "<group>"; };
		839CB7F32AB9DB2C0016A777 /* Preview Assets.xcassets */ = {isa = PBXFileReference; lastKnownFileType = folder.assetcatalog; path = "Preview Assets.xcassets"; sourceTree = "<group>"; };
		839CB7FA2AB9DCF50016A777 /* OyunModel.swift */ = {isa = PBXFileReference; lastKnownFileType = sourcecode.swift; path = OyunModel.swift; sourceTree = "<group>"; };
		839CB7FC2AB9EA960016A777 /* GridView.swift */ = {isa = PBXFileReference; lastKnownFileType = sourcecode.swift; path = GridView.swift; sourceTree = "<group>"; };
/* End PBXFileReference section */

/* Begin PBXFrameworksBuildPhase section */
		839CB7E62AB9DB2B0016A777 /* Frameworks */ = {
			isa = PBXFrameworksBuildPhase;
			buildActionMask = 2147483647;
			files = (
			);
			runOnlyForDeploymentPostprocessing = 0;
		};
/* End PBXFrameworksBuildPhase section */

/* Begin PBXGroup section */
		839CB7E02AB9DB2A0016A777 = {
			isa = PBXGroup;
			children = (
				839CB7EB2AB9DB2B0016A777 /* OyunPazarıVeSliderVeAnimasyon */,
				839CB7EA2AB9DB2B0016A777 /* Products */,
			);
			sourceTree = "<group>";
		};
		839CB7EA2AB9DB2B0016A777 /* Products */ = {
			isa = PBXGroup;
			children = (
				839CB7E92AB9DB2B0016A777 /* OyunPazarıVeSliderVeAnimasyon.app */,
			);
			name = Products;
			sourceTree = "<group>";
		};
		839CB7EB2AB9DB2B0016A777 /* OyunPazarıVeSliderVeAnimasyon */ = {
			isa = PBXGroup;
			children = (
				839CB7EC2AB9DB2B0016A777 /* OyunPazar_VeSliderVeAnimasyonApp.swift */,
				839CB7FA2AB9DCF50016A777 /* OyunModel.swift */,
				839CB7EE2AB9DB2B0016A777 /* Home.swift */,
				839CB7FC2AB9EA960016A777 /* GridView.swift */,
				839CB7F02AB9DB2C0016A777 /* Assets.xcassets */,
				839CB7F22AB9DB2C0016A777 /* Preview Content */,
			);
			path = "OyunPazarıVeSliderVeAnimasyon";
			sourceTree = "<group>";
		};
		839CB7F22AB9DB2C0016A777 /* Preview Content */ = {
			isa = PBXGroup;
			children = (
				839CB7F32AB9DB2C0016A777 /* Preview Assets.xcassets */,
			);
			path = "Preview Content";
			sourceTree = "<group>";
		};
/* End PBXGroup section */

/* Begin PBXNativeTarget section */
		839CB7E82AB9DB2B0016A777 /* OyunPazarıVeSliderVeAnimasyon */ = {
			isa = PBXNativeTarget;
			buildConfigurationList = 839CB7F72AB9DB2C0016A777 /* Build configuration list for PBXNativeTarget "OyunPazarıVeSliderVeAnimasyon" */;
			buildPhases = (
				839CB7E52AB9DB2B0016A777 /* Sources */,
				839CB7E62AB9DB2B0016A777 /* Frameworks */,
				839CB7E72AB9DB2B0016A777 /* Resources */,
			);
			buildRules = (
			);
			dependencies = (
			);
			name = "OyunPazarıVeSliderVeAnimasyon";
			productName = "OyunPazarıVeSliderVeAnimasyon";
			productReference = 839CB7E92AB9DB2B0016A777 /* OyunPazarıVeSliderVeAnimasyon.app */;
			productType = "com.apple.product-type.application";
		};
/* End PBXNativeTarget section */

/* Begin PBXProject section */
		839CB7E12AB9DB2A0016A777 /* Project object */ = {
			isa = PBXProject;
			attributes = {
				BuildIndependentTargetsInParallel = 1;
				LastSwiftUpdateCheck = 1500;
				LastUpgradeCheck = 1500;
				TargetAttributes = {
					839CB7E82AB9DB2B0016A777 = {
						CreatedOnToolsVersion = 15.0;
					};
				};
			};
			buildConfigurationList = 839CB7E42AB9DB2A0016A777 /* Build configuration list for PBXProject "OyunPazarıVeSliderVeAnimasyon" */;
			compatibilityVersion = "Xcode 14.0";
			developmentRegion = en;
			hasScannedForEncodings = 0;
			knownRegions = (
				en,
				Base,
			);
			mainGroup = 839CB7E02AB9DB2A0016A777;
			productRefGroup = 839CB7EA2AB9DB2B0016A777 /* Products */;
			projectDirPath = "";
			projectRoot = "";
			targets = (
				839CB7E82AB9DB2B0016A777 /* OyunPazarıVeSliderVeAnimasyon */,
			);
		};
/* End PBXProject section */

/* Begin PBXResourcesBuildPhase section */
		839CB7E72AB9DB2B0016A777 /* Resources */ = {
			isa = PBXResourcesBuildPhase;
			buildActionMask = 2147483647;
			files = (
				839CB7F42AB9DB2C0016A777 /* Preview Assets.xcassets in Resources */,
				839CB7F12AB9DB2C0016A777 /* Assets.xcassets in Resources */,
			);
			runOnlyForDeploymentPostprocessing = 0;
		};
/* End PBXResourcesBuildPhase section */

/* Begin PBXSourcesBuildPhase section */
		839CB7E52AB9DB2B0016A777 /* Sources */ = {
			isa = PBXSourcesBuildPhase;
			buildActionMask = 2147483647;
			files = (
				839CB7EF2AB9DB2B0016A777 /* Home.swift in Sources */,
				839CB7ED2AB9DB2B0016A777 /* OyunPazar_VeSliderVeAnimasyonApp.swift in Sources */,
				839CB7FD2AB9EA960016A777 /* GridView.swift in Sources */,
				839CB7FB2AB9DCF50016A777 /* OyunModel.swift in Sources */,
			);
			runOnlyForDeploymentPostprocessing = 0;
		};
/* End PBXSourcesBuildPhase section */

/* Begin XCBuildConfiguration section */
		839CB7F52AB9DB2C0016A777 /* Debug */ = {
			isa = XCBuildConfiguration;
			buildSettings = {
				ALWAYS_SEARCH_USER_PATHS = NO;
				ASSETCATALOG_COMPILER_GENERATE_SWIFT_ASSET_SYMBOL_EXTENSIONS = YES;
				CLANG_ANALYZER_NONNULL = YES;
				CLANG_ANALYZER_NUMBER_OBJECT_CONVERSION = YES_AGGRESSIVE;
				CLANG_CXX_LANGUAGE_STANDARD = "gnu++20";
				CLANG_ENABLE_MODULES = YES;
				CLANG_ENABLE_OBJC_ARC = YES;
				CLANG_ENABLE_OBJC_WEAK = YES;
				CLANG_WARN_BLOCK_CAPTURE_AUTORELEASING = YES;
				CLANG_WARN_BOOL_CONVERSION = YES;
				CLANG_WARN_COMMA = YES;
				CLANG_WARN_CONSTANT_CONVERSION = YES;
				CLANG_WARN_DEPRECATED_OBJC_IMPLEMENTATIONS = YES;
				CLANG_WARN_DIRECT_OBJC_ISA_USAGE = YES_ERROR;
				CLANG_WARN_DOCUMENTATION_COMMENTS = YES;
				CLANG_WARN_EMPTY_BODY = YES;
				CLANG_WARN_ENUM_CONVERSION = YES;
				CLANG_WARN_INFINITE_RECURSION = YES;
				CLANG_WARN_INT_CONVERSION = YES;
				CLANG_WARN_NON_LITERAL_NULL_CONVERSION = YES;
				CLANG_WARN_OBJC_IMPLICIT_RETAIN_SELF = YES;
				CLANG_WARN_OBJC_LITERAL_CONVERSION = YES;
				CLANG_WARN_OBJC_ROOT_CLASS = YES_ERROR;
				CLANG_WARN_QUOTED_INCLUDE_IN_FRAMEWORK_HEADER = YES;
				CLANG_WARN_RANGE_LOOP_ANALYSIS = YES;
				CLANG_WARN_STRICT_PROTOTYPES = YES;
				CLANG_WARN_SUSPICIOUS_MOVE = YES;
				CLANG_WARN_UNGUARDED_AVAILABILITY = YES_AGGRESSIVE;
				CLANG_WARN_UNREACHABLE_CODE = YES;
				CLANG_WARN__DUPLICATE_METHOD_MATCH = YES;
				COPY_PHASE_STRIP = NO;
				DEBUG_INFORMATION_FORMAT = dwarf;
				ENABLE_STRICT_OBJC_MSGSEND = YES;
				ENABLE_TESTABILITY = YES;
				ENABLE_USER_SCRIPT_SANDBOXING = YES;
				GCC_C_LANGUAGE_STANDARD = gnu17;
				GCC_DYNAMIC_NO_PIC = NO;
				GCC_NO_COMMON_BLOCKS = YES;
				GCC_OPTIMIZATION_LEVEL = 0;
				GCC_PREPROCESSOR_DEFINITIONS = (
					"DEBUG=1",
					"$(inherited)",
				);
				GCC_WARN_64_TO_32_BIT_CONVERSION = YES;
				GCC_WARN_ABOUT_RETURN_TYPE = YES_ERROR;
				GCC_WARN_UNDECLARED_SELECTOR = YES;
				GCC_WARN_UNINITIALIZED_AUTOS = YES_AGGRESSIVE;
				GCC_WARN_UNUSED_FUNCTION = YES;
				GCC_WARN_UNUSED_VARIABLE = YES;
				IPHONEOS_DEPLOYMENT_TARGET = 17.0;
				LOCALIZATION_PREFERS_STRING_CATALOGS = YES;
				MTL_ENABLE_DEBUG_INFO = INCLUDE_SOURCE;
				MTL_FAST_MATH = YES;
				ONLY_ACTIVE_ARCH = YES;
				SDKROOT = iphoneos;
				SWIFT_ACTIVE_COMPILATION_CONDITIONS = "DEBUG $(inherited)";
				SWIFT_OPTIMIZATION_LEVEL = "-Onone";
			};
			name = Debug;
		};
		839CB7F62AB9DB2C0016A777 /* Release */ = {
			isa = XCBuildConfiguration;
			buildSettings = {
				ALWAYS_SEARCH_USER_PATHS = NO;
				ASSETCATALOG_COMPILER_GENERATE_SWIFT_ASSET_SYMBOL_EXTENSIONS = YES;
				CLANG_ANALYZER_NONNULL = YES;
				CLANG_ANALYZER_NUMBER_OBJECT_CONVERSION = YES_AGGRESSIVE;
				CLANG_CXX_LANGUAGE_STANDARD = "gnu++20";
				CLANG_ENABLE_MODULES = YES;
				CLANG_ENABLE_OBJC_ARC = YES;
				CLANG_ENABLE_OBJC_WEAK = YES;
				CLANG_WARN_BLOCK_CAPTURE_AUTORELEASING = YES;
				CLANG_WARN_BOOL_CONVERSION = YES;
				CLANG_WARN_COMMA = YES;
				CLANG_WARN_CONSTANT_CONVERSION = YES;
				CLANG_WARN_DEPRECATED_OBJC_IMPLEMENTATIONS = YES;
				CLANG_WARN_DIRECT_OBJC_ISA_USAGE = YES_ERROR;
				CLANG_WARN_DOCUMENTATION_COMMENTS = YES;
				CLANG_WARN_EMPTY_BODY = YES;
				CLANG_WARN_ENUM_CONVERSION = YES;
				CLANG_WARN_INFINITE_RECURSION = YES;
				CLANG_WARN_INT_CONVERSION = YES;
				CLANG_WARN_NON_LITERAL_NULL_CONVERSION = YES;
				CLANG_WARN_OBJC_IMPLICIT_RETAIN_SELF = YES;
				CLANG_WARN_OBJC_LITERAL_CONVERSION = YES;
				CLANG_WARN_OBJC_ROOT_CLASS = YES_ERROR;
				CLANG_WARN_QUOTED_INCLUDE_IN_FRAMEWORK_HEADER = YES;
				CLANG_WARN_RANGE_LOOP_ANALYSIS = YES;
				CLANG_WARN_STRICT_PROTOTYPES = YES;
				CLANG_WARN_SUSPICIOUS_MOVE = YES;
				CLANG_WARN_UNGUARDED_AVAILABILITY = YES_AGGRESSIVE;
				CLANG_WARN_UNREACHABLE_CODE = YES;
				CLANG_WARN__DUPLICATE_METHOD_MATCH = YES;
				COPY_PHASE_STRIP = NO;
				DEBUG_INFORMATION_FORMAT = "dwarf-with-dsym";
				ENABLE_NS_ASSERTIONS = NO;
				ENABLE_STRICT_OBJC_MSGSEND = YES;
				ENABLE_USER_SCRIPT_SANDBOXING = YES;
				GCC_C_LANGUAGE_STANDARD = gnu17;
				GCC_NO_COMMON_BLOCKS = YES;
				GCC_WARN_64_TO_32_BIT_CONVERSION = YES;
				GCC_WARN_ABOUT_RETURN_TYPE = YES_ERROR;
				GCC_WARN_UNDECLARED_SELECTOR = YES;
				GCC_WARN_UNINITIALIZED_AUTOS = YES_AGGRESSIVE;
				GCC_WARN_UNUSED_FUNCTION = YES;
				GCC_WARN_UNUSED_VARIABLE = YES;
				IPHONEOS_DEPLOYMENT_TARGET = 17.0;
				LOCALIZATION_PREFERS_STRING_CATALOGS = YES;
				MTL_ENABLE_DEBUG_INFO = NO;
				MTL_FAST_MATH = YES;
				SDKROOT = iphoneos;
				SWIFT_COMPILATION_MODE = wholemodule;
				VALIDATE_PRODUCT = YES;
			};
			name = Release;
		};
		839CB7F82AB9DB2C0016A777 /* Debug */ = {
			isa = XCBuildConfiguration;
			buildSettings = {
				ASSETCATALOG_COMPILER_APPICON_NAME = AppIcon;
				ASSETCATALOG_COMPILER_GLOBAL_ACCENT_COLOR_NAME = AccentColor;
				CODE_SIGN_STYLE = Automatic;
				CURRENT_PROJECT_VERSION = 1;
				DEVELOPMENT_ASSET_PATHS = "\"OyunPazarıVeSliderVeAnimasyon/Preview Content\"";
				ENABLE_PREVIEWS = YES;
				GENERATE_INFOPLIST_FILE = YES;
				INFOPLIST_KEY_UIApplicationSceneManifest_Generation = YES;
				INFOPLIST_KEY_UIApplicationSupportsIndirectInputEvents = YES;
				INFOPLIST_KEY_UILaunchScreen_Generation = YES;
				INFOPLIST_KEY_UISupportedInterfaceOrientations_iPad = "UIInterfaceOrientationPortrait UIInterfaceOrientationPortraitUpsideDown UIInterfaceOrientationLandscapeLeft UIInterfaceOrientationLandscapeRight";
				INFOPLIST_KEY_UISupportedInterfaceOrientations_iPhone = "UIInterfaceOrientationPortrait UIInterfaceOrientationLandscapeLeft UIInterfaceOrientationLandscapeRight";
				LD_RUNPATH_SEARCH_PATHS = (
					"$(inherited)",
					"@executable_path/Frameworks",
				);
				MARKETING_VERSION = 1.0;
				PRODUCT_BUNDLE_IDENTIFIER = "com.info.OyunPazar-VeSliderVeAnimasyon";
				PRODUCT_NAME = "$(TARGET_NAME)";
				SWIFT_EMIT_LOC_STRINGS = YES;
				SWIFT_VERSION = 5.0;
				TARGETED_DEVICE_FAMILY = "1,2";
			};
			name = Debug;
		};
		839CB7F92AB9DB2C0016A777 /* Release */ = {
			isa = XCBuildConfiguration;
			buildSettings = {
				ASSETCATALOG_COMPILER_APPICON_NAME = AppIcon;
				ASSETCATALOG_COMPILER_GLOBAL_ACCENT_COLOR_NAME = AccentColor;
				CODE_SIGN_STYLE = Automatic;
				CURRENT_PROJECT_VERSION = 1;
				DEVELOPMENT_ASSET_PATHS = "\"OyunPazarıVeSliderVeAnimasyon/Preview Content\"";
				ENABLE_PREVIEWS = YES;
				GENERATE_INFOPLIST_FILE = YES;
				INFOPLIST_KEY_UIApplicationSceneManifest_Generation = YES;
				INFOPLIST_KEY_UIApplicationSupportsIndirectInputEvents = YES;
				INFOPLIST_KEY_UILaunchScreen_Generation = YES;
				INFOPLIST_KEY_UISupportedInterfaceOrientations_iPad = "UIInterfaceOrientationPortrait UIInterfaceOrientationPortraitUpsideDown UIInterfaceOrientationLandscapeLeft UIInterfaceOrientationLandscapeRight";
				INFOPLIST_KEY_UISupportedInterfaceOrientations_iPhone = "UIInterfaceOrientationPortrait UIInterfaceOrientationLandscapeLeft UIInterfaceOrientationLandscapeRight";
				LD_RUNPATH_SEARCH_PATHS = (
					"$(inherited)",
					"@executable_path/Frameworks",
				);
				MARKETING_VERSION = 1.0;
				PRODUCT_BUNDLE_IDENTIFIER = "com.info.OyunPazar-VeSliderVeAnimasyon";
				PRODUCT_NAME = "$(TARGET_NAME)";
				SWIFT_EMIT_LOC_STRINGS = YES;
				SWIFT_VERSION = 5.0;
				TARGETED_DEVICE_FAMILY = "1,2";
			};
			name = Release;
		};
/* End XCBuildConfiguration section */

/* Begin XCConfigurationList section */
		839CB7E42AB9DB2A0016A777 /* Build configuration list for PBXProject "OyunPazarıVeSliderVeAnimasyon" */ = {
			isa = XCConfigurationList;
			buildConfigurations = (
				839CB7F52AB9DB2C0016A777 /* Debug */,
				839CB7F62AB9DB2C0016A777 /* Release */,
			);
			defaultConfigurationIsVisible = 0;
			defaultConfigurationName = Release;
		};
		839CB7F72AB9DB2C0016A777 /* Build configuration list for PBXNativeTarget "OyunPazarıVeSliderVeAnimasyon" */ = {
			isa = XCConfigurationList;
			buildConfigurations = (
				839CB7F82AB9DB2C0016A777 /* Debug */,
				839CB7F92AB9DB2C0016A777 /* Release */,
			);
			defaultConfigurationIsVisible = 0;
			defaultConfigurationName = Release;
		};
/* End XCConfigurationList section */
	};
	rootObject = 839CB7E12AB9DB2A0016A777 /* Project object */;
}
